// !$*UTF8*$!
{
	archiveVersion = 1;
	classes = {
	};
	objectVersion = 55;
	objects = {

/* Begin PBXBuildFile section */
		0E57579628845FD000B31745 /* TextFieldEffects in Frameworks */ = {isa = PBXBuildFile; productRef = 0E57579528845FD000B31745 /* TextFieldEffects */; };
		0E5757992884639400B31745 /* IQKeyboardManagerSwift in Frameworks */ = {isa = PBXBuildFile; productRef = 0E5757982884639400B31745 /* IQKeyboardManagerSwift */; };
		0E6A8BA728765C5200187579 /* AppDelegate.swift in Sources */ = {isa = PBXBuildFile; fileRef = 0E6A8BA628765C5200187579 /* AppDelegate.swift */; };
		0E6A8BA928765C5200187579 /* SceneDelegate.swift in Sources */ = {isa = PBXBuildFile; fileRef = 0E6A8BA828765C5200187579 /* SceneDelegate.swift */; };
		0E6A8BAE28765C5200187579 /* Main.storyboard in Resources */ = {isa = PBXBuildFile; fileRef = 0E6A8BAC28765C5200187579 /* Main.storyboard */; };
		0E6A8BB028765C5600187579 /* Assets.xcassets in Resources */ = {isa = PBXBuildFile; fileRef = 0E6A8BAF28765C5600187579 /* Assets.xcassets */; };
		0E6A8BB328765C5600187579 /* LaunchScreen.storyboard in Resources */ = {isa = PBXBuildFile; fileRef = 0E6A8BB128765C5600187579 /* LaunchScreen.storyboard */; };
		0E6A8BBB28765C9D00187579 /* SignUpViewController.swift in Sources */ = {isa = PBXBuildFile; fileRef = 0E6A8BBA28765C9D00187579 /* SignUpViewController.swift */; };
		0E6A8BBD28765CBE00187579 /* HomeViewController.swift in Sources */ = {isa = PBXBuildFile; fileRef = 0E6A8BBC28765CBE00187579 /* HomeViewController.swift */; };
		0E6A8BBF2876DA3300187579 /* UIViewController.swift in Sources */ = {isa = PBXBuildFile; fileRef = 0E6A8BBE2876DA3300187579 /* UIViewController.swift */; };
		0EBE3FE428AFC481002F1115 /* BaseViewController.swift in Sources */ = {isa = PBXBuildFile; fileRef = 0EBE3FE328AFC481002F1115 /* BaseViewController.swift */; };
		0EBE3FE728AFC54D002F1115 /* Toast in Frameworks */ = {isa = PBXBuildFile; productRef = 0EBE3FE628AFC54D002F1115 /* Toast */; };
		0EBE3FE928AFC5F3002F1115 /* BaseView.swift in Sources */ = {isa = PBXBuildFile; fileRef = 0EBE3FE828AFC5F3002F1115 /* BaseView.swift */; };
		0EBE3FEC28AFC7D7002F1115 /* SignInTextField.swift in Sources */ = {isa = PBXBuildFile; fileRef = 0EBE3FEB28AFC7D7002F1115 /* SignInTextField.swift */; };
		0EBE3FF028AFD1F5002F1115 /* CirclePosterImageView.swift in Sources */ = {isa = PBXBuildFile; fileRef = 0EBE3FEF28AFD1F5002F1115 /* CirclePosterImageView.swift */; };
		0EBE3FF228AFD290002F1115 /* menuButton.swift in Sources */ = {isa = PBXBuildFile; fileRef = 0EBE3FF128AFD290002F1115 /* menuButton.swift */; };
		0EBE3FF528AFD41D002F1115 /* CodeSignUpViewController.swift in Sources */ = {isa = PBXBuildFile; fileRef = 0EBE3FF428AFD41D002F1115 /* CodeSignUpViewController.swift */; };
		0EBE3FF828AFD4D0002F1115 /* SnapKit in Frameworks */ = {isa = PBXBuildFile; productRef = 0EBE3FF728AFD4D0002F1115 /* SnapKit */; };
		0EBE3FFA28AFD50D002F1115 /* SignUpView.swift in Sources */ = {isa = PBXBuildFile; fileRef = 0EBE3FF928AFD50D002F1115 /* SignUpView.swift */; };
/* End PBXBuildFile section */

/* Begin PBXFileReference section */
		0E6A8BA328765C5200187579 /* NetflixTask.app */ = {isa = PBXFileReference; explicitFileType = wrapper.application; includeInIndex = 0; path = NetflixTask.app; sourceTree = BUILT_PRODUCTS_DIR; };
		0E6A8BA628765C5200187579 /* AppDelegate.swift */ = {isa = PBXFileReference; lastKnownFileType = sourcecode.swift; path = AppDelegate.swift; sourceTree = "<group>"; };
		0E6A8BA828765C5200187579 /* SceneDelegate.swift */ = {isa = PBXFileReference; lastKnownFileType = sourcecode.swift; path = SceneDelegate.swift; sourceTree = "<group>"; };
		0E6A8BAD28765C5200187579 /* Base */ = {isa = PBXFileReference; lastKnownFileType = file.storyboard; name = Base; path = Base.lproj/Main.storyboard; sourceTree = "<group>"; };
		0E6A8BAF28765C5600187579 /* Assets.xcassets */ = {isa = PBXFileReference; lastKnownFileType = folder.assetcatalog; path = Assets.xcassets; sourceTree = "<group>"; };
		0E6A8BB228765C5600187579 /* Base */ = {isa = PBXFileReference; lastKnownFileType = file.storyboard; name = Base; path = Base.lproj/LaunchScreen.storyboard; sourceTree = "<group>"; };
		0E6A8BB428765C5600187579 /* Info.plist */ = {isa = PBXFileReference; lastKnownFileType = text.plist.xml; path = Info.plist; sourceTree = "<group>"; };
		0E6A8BBA28765C9D00187579 /* SignUpViewController.swift */ = {isa = PBXFileReference; lastKnownFileType = sourcecode.swift; path = SignUpViewController.swift; sourceTree = "<group>"; };
		0E6A8BBC28765CBE00187579 /* HomeViewController.swift */ = {isa = PBXFileReference; lastKnownFileType = sourcecode.swift; path = HomeViewController.swift; sourceTree = "<group>"; };
		0E6A8BBE2876DA3300187579 /* UIViewController.swift */ = {isa = PBXFileReference; lastKnownFileType = sourcecode.swift; path = UIViewController.swift; sourceTree = "<group>"; };
		0EBE3FE328AFC481002F1115 /* BaseViewController.swift */ = {isa = PBXFileReference; lastKnownFileType = sourcecode.swift; path = BaseViewController.swift; sourceTree = "<group>"; };
		0EBE3FE828AFC5F3002F1115 /* BaseView.swift */ = {isa = PBXFileReference; lastKnownFileType = sourcecode.swift; path = BaseView.swift; sourceTree = "<group>"; };
		0EBE3FEB28AFC7D7002F1115 /* SignInTextField.swift */ = {isa = PBXFileReference; lastKnownFileType = sourcecode.swift; path = SignInTextField.swift; sourceTree = "<group>"; };
		0EBE3FEF28AFD1F5002F1115 /* CirclePosterImageView.swift */ = {isa = PBXFileReference; lastKnownFileType = sourcecode.swift; path = CirclePosterImageView.swift; sourceTree = "<group>"; };
		0EBE3FF128AFD290002F1115 /* menuButton.swift */ = {isa = PBXFileReference; lastKnownFileType = sourcecode.swift; path = menuButton.swift; sourceTree = "<group>"; };
		0EBE3FF428AFD41D002F1115 /* CodeSignUpViewController.swift */ = {isa = PBXFileReference; lastKnownFileType = sourcecode.swift; path = CodeSignUpViewController.swift; sourceTree = "<group>"; };
		0EBE3FF928AFD50D002F1115 /* SignUpView.swift */ = {isa = PBXFileReference; lastKnownFileType = sourcecode.swift; path = SignUpView.swift; sourceTree = "<group>"; };
/* End PBXFileReference section */

/* Begin PBXFrameworksBuildPhase section */
		0E6A8BA028765C5200187579 /* Frameworks */ = {
			isa = PBXFrameworksBuildPhase;
			buildActionMask = 2147483647;
			files = (
				0EBE3FE728AFC54D002F1115 /* Toast in Frameworks */,
				0EBE3FF828AFD4D0002F1115 /* SnapKit in Frameworks */,
				0E57579628845FD000B31745 /* TextFieldEffects in Frameworks */,
				0E5757992884639400B31745 /* IQKeyboardManagerSwift in Frameworks */,
			);
			runOnlyForDeploymentPostprocessing = 0;
		};
/* End PBXFrameworksBuildPhase section */

/* Begin PBXGroup section */
		0E6A8B9A28765C5200187579 = {
			isa = PBXGroup;
			children = (
				0E6A8BA528765C5200187579 /* NetflixTask */,
				0E6A8BA428765C5200187579 /* Products */,
			);
			sourceTree = "<group>";
		};
		0E6A8BA428765C5200187579 /* Products */ = {
			isa = PBXGroup;
			children = (
				0E6A8BA328765C5200187579 /* NetflixTask.app */,
			);
			name = Products;
			sourceTree = "<group>";
		};
		0E6A8BA528765C5200187579 /* NetflixTask */ = {
			isa = PBXGroup;
			children = (
				0E6A8BA628765C5200187579 /* AppDelegate.swift */,
				0E6A8BA828765C5200187579 /* SceneDelegate.swift */,
				0E6A8BAC28765C5200187579 /* Main.storyboard */,
				0E6A8BB128765C5600187579 /* LaunchScreen.storyboard */,
				0E6A8BAF28765C5600187579 /* Assets.xcassets */,
				0E6A8BB428765C5600187579 /* Info.plist */,
				0EBE3FE228AFC46C002F1115 /* Utility */,
				0E6A8BBC28765CBE00187579 /* HomeViewController.swift */,
				0E6A8BBA28765C9D00187579 /* SignUpViewController.swift */,
				0E6A8BBE2876DA3300187579 /* UIViewController.swift */,
				0EBE3FF328AFD396002F1115 /* CodeBase */,
			);
			path = NetflixTask;
			sourceTree = "<group>";
		};
		0EBE3FE228AFC46C002F1115 /* Utility */ = {
			isa = PBXGroup;
			children = (
				0EBE3FEA28AFC762002F1115 /* CustomView */,
				0EBE3FE328AFC481002F1115 /* BaseViewController.swift */,
				0EBE3FE828AFC5F3002F1115 /* BaseView.swift */,
			);
			path = Utility;
			sourceTree = "<group>";
		};
		0EBE3FEA28AFC762002F1115 /* CustomView */ = {
			isa = PBXGroup;
			children = (
				0EBE3FEB28AFC7D7002F1115 /* SignInTextField.swift */,
				0EBE3FEF28AFD1F5002F1115 /* CirclePosterImageView.swift */,
				0EBE3FF128AFD290002F1115 /* menuButton.swift */,
			);
			path = CustomView;
			sourceTree = "<group>";
		};
		0EBE3FF328AFD396002F1115 /* CodeBase */ = {
			isa = PBXGroup;
			children = (
				0EBE3FF428AFD41D002F1115 /* CodeSignUpViewController.swift */,
				0EBE3FF928AFD50D002F1115 /* SignUpView.swift */,
			);
			path = CodeBase;
			sourceTree = "<group>";
		};
/* End PBXGroup section */

/* Begin PBXNativeTarget section */
		0E6A8BA228765C5200187579 /* NetflixTask */ = {
			isa = PBXNativeTarget;
			buildConfigurationList = 0E6A8BB728765C5600187579 /* Build configuration list for PBXNativeTarget "NetflixTask" */;
			buildPhases = (
				0E6A8B9F28765C5200187579 /* Sources */,
				0E6A8BA028765C5200187579 /* Frameworks */,
				0E6A8BA128765C5200187579 /* Resources */,
			);
			buildRules = (
			);
			dependencies = (
			);
			name = NetflixTask;
			packageProductDependencies = (
				0E57579528845FD000B31745 /* TextFieldEffects */,
				0E5757982884639400B31745 /* IQKeyboardManagerSwift */,
				0EBE3FE628AFC54D002F1115 /* Toast */,
				0EBE3FF728AFD4D0002F1115 /* SnapKit */,
			);
			productName = NetflixTask;
			productReference = 0E6A8BA328765C5200187579 /* NetflixTask.app */;
			productType = "com.apple.product-type.application";
		};
/* End PBXNativeTarget section */

/* Begin PBXProject section */
		0E6A8B9B28765C5200187579 /* Project object */ = {
			isa = PBXProject;
			attributes = {
				BuildIndependentTargetsInParallel = 1;
				LastSwiftUpdateCheck = 1340;
				LastUpgradeCheck = 1340;
				TargetAttributes = {
					0E6A8BA228765C5200187579 = {
						CreatedOnToolsVersion = 13.4.1;
					};
				};
			};
			buildConfigurationList = 0E6A8B9E28765C5200187579 /* Build configuration list for PBXProject "NetflixTask" */;
			compatibilityVersion = "Xcode 13.0";
			developmentRegion = en;
			hasScannedForEncodings = 0;
			knownRegions = (
				en,
				Base,
			);
			mainGroup = 0E6A8B9A28765C5200187579;
			packageReferences = (
				0E57579428845FD000B31745 /* XCRemoteSwiftPackageReference "TextFieldEffects" */,
				0E5757972884639300B31745 /* XCRemoteSwiftPackageReference "IQKeyboardManager" */,
				0EBE3FE528AFC54D002F1115 /* XCRemoteSwiftPackageReference "Toast-Swift" */,
				0EBE3FF628AFD4D0002F1115 /* XCRemoteSwiftPackageReference "SnapKit" */,
			);
			productRefGroup = 0E6A8BA428765C5200187579 /* Products */;
			projectDirPath = "";
			projectRoot = "";
			targets = (
				0E6A8BA228765C5200187579 /* NetflixTask */,
			);
		};
/* End PBXProject section */

/* Begin PBXResourcesBuildPhase section */
		0E6A8BA128765C5200187579 /* Resources */ = {
			isa = PBXResourcesBuildPhase;
			buildActionMask = 2147483647;
			files = (
				0E6A8BB328765C5600187579 /* LaunchScreen.storyboard in Resources */,
				0E6A8BB028765C5600187579 /* Assets.xcassets in Resources */,
				0E6A8BAE28765C5200187579 /* Main.storyboard in Resources */,
			);
			runOnlyForDeploymentPostprocessing = 0;
		};
/* End PBXResourcesBuildPhase section */

/* Begin PBXSourcesBuildPhase section */
		0E6A8B9F28765C5200187579 /* Sources */ = {
			isa = PBXSourcesBuildPhase;
			buildActionMask = 2147483647;
			files = (
				0E6A8BBF2876DA3300187579 /* UIViewController.swift in Sources */,
				0EBE3FF028AFD1F5002F1115 /* CirclePosterImageView.swift in Sources */,
				0EBE3FF228AFD290002F1115 /* menuButton.swift in Sources */,
				0EBE3FEC28AFC7D7002F1115 /* SignInTextField.swift in Sources */,
				0EBE3FFA28AFD50D002F1115 /* SignUpView.swift in Sources */,
				0E6A8BBD28765CBE00187579 /* HomeViewController.swift in Sources */,
				0E6A8BA728765C5200187579 /* AppDelegate.swift in Sources */,
				0E6A8BBB28765C9D00187579 /* SignUpViewController.swift in Sources */,
				0EBE3FF528AFD41D002F1115 /* CodeSignUpViewController.swift in Sources */,
				0EBE3FE928AFC5F3002F1115 /* BaseView.swift in Sources */,
				0E6A8BA928765C5200187579 /* SceneDelegate.swift in Sources */,
				0EBE3FE428AFC481002F1115 /* BaseViewController.swift in Sources */,
			);
			runOnlyForDeploymentPostprocessing = 0;
		};
/* End PBXSourcesBuildPhase section */

/* Begin PBXVariantGroup section */
		0E6A8BAC28765C5200187579 /* Main.storyboard */ = {
			isa = PBXVariantGroup;
			children = (
				0E6A8BAD28765C5200187579 /* Base */,
			);
			name = Main.storyboard;
			sourceTree = "<group>";
		};
		0E6A8BB128765C5600187579 /* LaunchScreen.storyboard */ = {
			isa = PBXVariantGroup;
			children = (
				0E6A8BB228765C5600187579 /* Base */,
			);
			name = LaunchScreen.storyboard;
			sourceTree = "<group>";
		};
/* End PBXVariantGroup section */

/* Begin XCBuildConfiguration section */
		0E6A8BB528765C5600187579 /* Debug */ = {
			isa = XCBuildConfiguration;
			buildSettings = {
				ALWAYS_SEARCH_USER_PATHS = NO;
				CLANG_ANALYZER_NONNULL = YES;
				CLANG_ANALYZER_NUMBER_OBJECT_CONVERSION = YES_AGGRESSIVE;
				CLANG_CXX_LANGUAGE_STANDARD = "gnu++17";
				CLANG_ENABLE_MODULES = YES;
				CLANG_ENABLE_OBJC_ARC = YES;
				CLANG_ENABLE_OBJC_WEAK = YES;
				CLANG_WARN_BLOCK_CAPTURE_AUTORELEASING = YES;
				CLANG_WARN_BOOL_CONVERSION = YES;
				CLANG_WARN_COMMA = YES;
				CLANG_WARN_CONSTANT_CONVERSION = YES;
				CLANG_WARN_DEPRECATED_OBJC_IMPLEMENTATIONS = YES;
				CLANG_WARN_DIRECT_OBJC_ISA_USAGE = YES_ERROR;
				CLANG_WARN_DOCUMENTATION_COMMENTS = YES;
				CLANG_WARN_EMPTY_BODY = YES;
				CLANG_WARN_ENUM_CONVERSION = YES;
				CLANG_WARN_INFINITE_RECURSION = YES;
				CLANG_WARN_INT_CONVERSION = YES;
				CLANG_WARN_NON_LITERAL_NULL_CONVERSION = YES;
				CLANG_WARN_OBJC_IMPLICIT_RETAIN_SELF = YES;
				CLANG_WARN_OBJC_LITERAL_CONVERSION = YES;
				CLANG_WARN_OBJC_ROOT_CLASS = YES_ERROR;
				CLANG_WARN_QUOTED_INCLUDE_IN_FRAMEWORK_HEADER = YES;
				CLANG_WARN_RANGE_LOOP_ANALYSIS = YES;
				CLANG_WARN_STRICT_PROTOTYPES = YES;
				CLANG_WARN_SUSPICIOUS_MOVE = YES;
				CLANG_WARN_UNGUARDED_AVAILABILITY = YES_AGGRESSIVE;
				CLANG_WARN_UNREACHABLE_CODE = YES;
				CLANG_WARN__DUPLICATE_METHOD_MATCH = YES;
				COPY_PHASE_STRIP = NO;
				DEBUG_INFORMATION_FORMAT = dwarf;
				ENABLE_STRICT_OBJC_MSGSEND = YES;
				ENABLE_TESTABILITY = YES;
				GCC_C_LANGUAGE_STANDARD = gnu11;
				GCC_DYNAMIC_NO_PIC = NO;
				GCC_NO_COMMON_BLOCKS = YES;
				GCC_OPTIMIZATION_LEVEL = 0;
				GCC_PREPROCESSOR_DEFINITIONS = (
					"DEBUG=1",
					"$(inherited)",
				);
				GCC_WARN_64_TO_32_BIT_CONVERSION = YES;
				GCC_WARN_ABOUT_RETURN_TYPE = YES_ERROR;
				GCC_WARN_UNDECLARED_SELECTOR = YES;
				GCC_WARN_UNINITIALIZED_AUTOS = YES_AGGRESSIVE;
				GCC_WARN_UNUSED_FUNCTION = YES;
				GCC_WARN_UNUSED_VARIABLE = YES;
				IPHONEOS_DEPLOYMENT_TARGET = 15.5;
				MTL_ENABLE_DEBUG_INFO = INCLUDE_SOURCE;
				MTL_FAST_MATH = YES;
				ONLY_ACTIVE_ARCH = YES;
				SDKROOT = iphoneos;
				SWIFT_ACTIVE_COMPILATION_CONDITIONS = DEBUG;
				SWIFT_OPTIMIZATION_LEVEL = "-Onone";
			};
			name = Debug;
		};
		0E6A8BB628765C5600187579 /* Release */ = {
			isa = XCBuildConfiguration;
			buildSettings = {
				ALWAYS_SEARCH_USER_PATHS = NO;
				CLANG_ANALYZER_NONNULL = YES;
				CLANG_ANALYZER_NUMBER_OBJECT_CONVERSION = YES_AGGRESSIVE;
				CLANG_CXX_LANGUAGE_STANDARD = "gnu++17";
				CLANG_ENABLE_MODULES = YES;
				CLANG_ENABLE_OBJC_ARC = YES;
				CLANG_ENABLE_OBJC_WEAK = YES;
				CLANG_WARN_BLOCK_CAPTURE_AUTORELEASING = YES;
				CLANG_WARN_BOOL_CONVERSION = YES;
				CLANG_WARN_COMMA = YES;
				CLANG_WARN_CONSTANT_CONVERSION = YES;
				CLANG_WARN_DEPRECATED_OBJC_IMPLEMENTATIONS = YES;
				CLANG_WARN_DIRECT_OBJC_ISA_USAGE = YES_ERROR;
				CLANG_WARN_DOCUMENTATION_COMMENTS = YES;
				CLANG_WARN_EMPTY_BODY = YES;
				CLANG_WARN_ENUM_CONVERSION = YES;
				CLANG_WARN_INFINITE_RECURSION = YES;
				CLANG_WARN_INT_CONVERSION = YES;
				CLANG_WARN_NON_LITERAL_NULL_CONVERSION = YES;
				CLANG_WARN_OBJC_IMPLICIT_RETAIN_SELF = YES;
				CLANG_WARN_OBJC_LITERAL_CONVERSION = YES;
				CLANG_WARN_OBJC_ROOT_CLASS = YES_ERROR;
				CLANG_WARN_QUOTED_INCLUDE_IN_FRAMEWORK_HEADER = YES;
				CLANG_WARN_RANGE_LOOP_ANALYSIS = YES;
				CLANG_WARN_STRICT_PROTOTYPES = YES;
				CLANG_WARN_SUSPICIOUS_MOVE = YES;
				CLANG_WARN_UNGUARDED_AVAILABILITY = YES_AGGRESSIVE;
				CLANG_WARN_UNREACHABLE_CODE = YES;
				CLANG_WARN__DUPLICATE_METHOD_MATCH = YES;
				COPY_PHASE_STRIP = NO;
				DEBUG_INFORMATION_FORMAT = "dwarf-with-dsym";
				ENABLE_NS_ASSERTIONS = NO;
				ENABLE_STRICT_OBJC_MSGSEND = YES;
				GCC_C_LANGUAGE_STANDARD = gnu11;
				GCC_NO_COMMON_BLOCKS = YES;
				GCC_WARN_64_TO_32_BIT_CONVERSION = YES;
				GCC_WARN_ABOUT_RETURN_TYPE = YES_ERROR;
				GCC_WARN_UNDECLARED_SELECTOR = YES;
				GCC_WARN_UNINITIALIZED_AUTOS = YES_AGGRESSIVE;
				GCC_WARN_UNUSED_FUNCTION = YES;
				GCC_WARN_UNUSED_VARIABLE = YES;
				IPHONEOS_DEPLOYMENT_TARGET = 15.5;
				MTL_ENABLE_DEBUG_INFO = NO;
				MTL_FAST_MATH = YES;
				SDKROOT = iphoneos;
				SWIFT_COMPILATION_MODE = wholemodule;
				SWIFT_OPTIMIZATION_LEVEL = "-O";
				VALIDATE_PRODUCT = YES;
			};
			name = Release;
		};
		0E6A8BB828765C5600187579 /* Debug */ = {
			isa = XCBuildConfiguration;
			buildSettings = {
				ASSETCATALOG_COMPILER_APPICON_NAME = AppIcon;
				ASSETCATALOG_COMPILER_GLOBAL_ACCENT_COLOR_NAME = AccentColor;
				CODE_SIGN_STYLE = Automatic;
				CURRENT_PROJECT_VERSION = 1;
				DEVELOPMENT_TEAM = U8U4L6FXAF;
				GENERATE_INFOPLIST_FILE = YES;
				INFOPLIST_FILE = NetflixTask/Info.plist;
				INFOPLIST_KEY_UIApplicationSupportsIndirectInputEvents = YES;
				INFOPLIST_KEY_UILaunchStoryboardName = LaunchScreen;
				INFOPLIST_KEY_UIMainStoryboardFile = Main;
				INFOPLIST_KEY_UISupportedInterfaceOrientations_iPad = "UIInterfaceOrientationPortrait UIInterfaceOrientationPortraitUpsideDown UIInterfaceOrientationLandscapeLeft UIInterfaceOrientationLandscapeRight";
				INFOPLIST_KEY_UISupportedInterfaceOrientations_iPhone = "UIInterfaceOrientationPortrait UIInterfaceOrientationLandscapeLeft UIInterfaceOrientationLandscapeRight";
				IPHONEOS_DEPLOYMENT_TARGET = 14.0;
				LD_RUNPATH_SEARCH_PATHS = (
					"$(inherited)",
					"@executable_path/Frameworks",
				);
				MARKETING_VERSION = 1.0;
				PRODUCT_BUNDLE_IDENTIFIER = net.monica.NetflixTask;
				PRODUCT_NAME = "$(TARGET_NAME)";
				SWIFT_EMIT_LOC_STRINGS = YES;
				SWIFT_VERSION = 5.0;
				TARGETED_DEVICE_FAMILY = 1;
			};
			name = Debug;
		};
		0E6A8BB928765C5600187579 /* Release */ = {
			isa = XCBuildConfiguration;
			buildSettings = {
				ASSETCATALOG_COMPILER_APPICON_NAME = AppIcon;
				ASSETCATALOG_COMPILER_GLOBAL_ACCENT_COLOR_NAME = AccentColor;
				CODE_SIGN_STYLE = Automatic;
				CURRENT_PROJECT_VERSION = 1;
				DEVELOPMENT_TEAM = U8U4L6FXAF;
				GENERATE_INFOPLIST_FILE = YES;
				INFOPLIST_FILE = NetflixTask/Info.plist;
				INFOPLIST_KEY_UIApplicationSupportsIndirectInputEvents = YES;
				INFOPLIST_KEY_UILaunchStoryboardName = LaunchScreen;
				INFOPLIST_KEY_UIMainStoryboardFile = Main;
				INFOPLIST_KEY_UISupportedInterfaceOrientations_iPad = "UIInterfaceOrientationPortrait UIInterfaceOrientationPortraitUpsideDown UIInterfaceOrientationLandscapeLeft UIInterfaceOrientationLandscapeRight";
				INFOPLIST_KEY_UISupportedInterfaceOrientations_iPhone = "UIInterfaceOrientationPortrait UIInterfaceOrientationLandscapeLeft UIInterfaceOrientationLandscapeRight";
				IPHONEOS_DEPLOYMENT_TARGET = 14.0;
				LD_RUNPATH_SEARCH_PATHS = (
					"$(inherited)",
					"@executable_path/Frameworks",
				);
				MARKETING_VERSION = 1.0;
				PRODUCT_BUNDLE_IDENTIFIER = net.monica.NetflixTask;
				PRODUCT_NAME = "$(TARGET_NAME)";
				SWIFT_EMIT_LOC_STRINGS = YES;
				SWIFT_VERSION = 5.0;
				TARGETED_DEVICE_FAMILY = 1;
			};
			name = Release;
		};
/* End XCBuildConfiguration section */

/* Begin XCConfigurationList section */
		0E6A8B9E28765C5200187579 /* Build configuration list for PBXProject "NetflixTask" */ = {
			isa = XCConfigurationList;
			buildConfigurations = (
				0E6A8BB528765C5600187579 /* Debug */,
				0E6A8BB628765C5600187579 /* Release */,
			);
			defaultConfigurationIsVisible = 0;
			defaultConfigurationName = Release;
		};
		0E6A8BB728765C5600187579 /* Build configuration list for PBXNativeTarget "NetflixTask" */ = {
			isa = XCConfigurationList;
			buildConfigurations = (
				0E6A8BB828765C5600187579 /* Debug */,
				0E6A8BB928765C5600187579 /* Release */,
			);
			defaultConfigurationIsVisible = 0;
			defaultConfigurationName = Release;
		};
/* End XCConfigurationList section */

/* Begin XCRemoteSwiftPackageReference section */
		0E57579428845FD000B31745 /* XCRemoteSwiftPackageReference "TextFieldEffects" */ = {
			isa = XCRemoteSwiftPackageReference;
			repositoryURL = "https://github.com/raulriera/TextFieldEffects.git";
			requirement = {
				kind = upToNextMajorVersion;
				minimumVersion = 1.0.0;
			};
		};
		0E5757972884639300B31745 /* XCRemoteSwiftPackageReference "IQKeyboardManager" */ = {
			isa = XCRemoteSwiftPackageReference;
			repositoryURL = "https://github.com/hackiftekhar/IQKeyboardManager.git";
			requirement = {
				kind = exactVersion;
				version = 6.5.0;
			};
		};
		0EBE3FE528AFC54D002F1115 /* XCRemoteSwiftPackageReference "Toast-Swift" */ = {
			isa = XCRemoteSwiftPackageReference;
			repositoryURL = "https://github.com/scalessec/Toast-Swift";
			requirement = {
				kind = upToNextMajorVersion;
				minimumVersion = 5.0.0;
			};
		};
		0EBE3FF628AFD4D0002F1115 /* XCRemoteSwiftPackageReference "SnapKit" */ = {
			isa = XCRemoteSwiftPackageReference;
			repositoryURL = "https://github.com/SnapKit/SnapKit.git";
			requirement = {
				kind = upToNextMajorVersion;
				minimumVersion = 5.0.0;
			};
		};
/* End XCRemoteSwiftPackageReference section */

/* Begin XCSwiftPackageProductDependency section */
		0E57579528845FD000B31745 /* TextFieldEffects */ = {
			isa = XCSwiftPackageProductDependency;
			package = 0E57579428845FD000B31745 /* XCRemoteSwiftPackageReference "TextFieldEffects" */;
			productName = TextFieldEffects;
		};
		0E5757982884639400B31745 /* IQKeyboardManagerSwift */ = {
			isa = XCSwiftPackageProductDependency;
			package = 0E5757972884639300B31745 /* XCRemoteSwiftPackageReference "IQKeyboardManager" */;
			productName = IQKeyboardManagerSwift;
		};
		0EBE3FE628AFC54D002F1115 /* Toast */ = {
			isa = XCSwiftPackageProductDependency;
			package = 0EBE3FE528AFC54D002F1115 /* XCRemoteSwiftPackageReference "Toast-Swift" */;
			productName = Toast;
		};
		0EBE3FF728AFD4D0002F1115 /* SnapKit */ = {
			isa = XCSwiftPackageProductDependency;
			package = 0EBE3FF628AFD4D0002F1115 /* XCRemoteSwiftPackageReference "SnapKit" */;
			productName = SnapKit;
		};
/* End XCSwiftPackageProductDependency section */
	};
	rootObject = 0E6A8B9B28765C5200187579 /* Project object */;
}
